
Microsoft Visual Studio Solution File, Format Version 12.00
# Visual Studio Version 16
VisualStudioVersion = 16.0.31025.194
MinimumVisualStudioVersion = 10.0.40219.1
Project("{9A19103F-16F7-4668-BE54-9A1E7A4F7556}") = "CalendarMate", "CalendarMate\CalendarMate.csproj", "{D7A958B6-D208-42DE-A611-34A1353EF363}"
EndProject
Project("{9A19103F-16F7-4668-BE54-9A1E7A4F7556}") = "ApiLibrary", "ApiLibrary\ApiLibrary.csproj", "{BE373927-C5AC-4C41-84BE-67D88FFF9BF2}"
EndProject
Project("{9A19103F-16F7-4668-BE54-9A1E7A4F7556}") = "WeatherChartData", "WeatherChartData\WeatherChartData.csproj", "{5A42E468-D95F-49A7-993B-8038F08E4B85}"
EndProject
Project("{9A19103F-16F7-4668-BE54-9A1E7A4F7556}") = "Normalization", "Normalization\Normalization.csproj", "{9839974C-129F-4670-AE0F-86F3C8A91AC4}"
EndProject
Project("{9A19103F-16F7-4668-BE54-9A1E7A4F7556}") = "DataBaseEvent.Domain", "DataBaseEvent.Domain\DataBaseEvent.Domain.csproj", "{281B4F49-69BB-4D12-9643-DAA1C159E234}"
EndProject
Project("{9A19103F-16F7-4668-BE54-9A1E7A4F7556}") = "DataBaseEvent.EntityFramework", "DataBaseEvent.EntityFramework\DataBaseEvent.EntityFramework.csproj", "{266FA368-5CCC-4D37-A907-90C392751B8A}"
EndProject
Project("{FAE04EC0-301F-11D3-BF4B-00C04F79EFBC}") = "DataBaseLocalization.EntityFramework", "DataBaseLocalization.EntityFramework\DataBaseLocalization.EntityFramework.csproj", "{4BF3E970-63DF-4735-A11B-C4726CFCA402}"
EndProject
Project("{FAE04EC0-301F-11D3-BF4B-00C04F79EFBC}") = "DataBaseToDoList.EntityFramework", "DataBaseToDoList.EntityFramework\DataBaseToDoList.EntityFramework.csproj", "{7FA5EC68-678E-488F-AA36-1743A33A021E}"
EndProject
Global
	GlobalSection(SolutionConfigurationPlatforms) = preSolution
		Debug|Any CPU = Debug|Any CPU
		Release|Any CPU = Release|Any CPU
	EndGlobalSection
	GlobalSection(ProjectConfigurationPlatforms) = postSolution
		{D7A958B6-D208-42DE-A611-34A1353EF363}.Debug|Any CPU.ActiveCfg = Debug|Any CPU
		{D7A958B6-D208-42DE-A611-34A1353EF363}.Debug|Any CPU.Build.0 = Debug|Any CPU
		{D7A958B6-D208-42DE-A611-34A1353EF363}.Release|Any CPU.ActiveCfg = Release|Any CPU
		{D7A958B6-D208-42DE-A611-34A1353EF363}.Release|Any CPU.Build.0 = Release|Any CPU
		{BE373927-C5AC-4C41-84BE-67D88FFF9BF2}.Debug|Any CPU.ActiveCfg = Debug|Any CPU
		{BE373927-C5AC-4C41-84BE-67D88FFF9BF2}.Debug|Any CPU.Build.0 = Debug|Any CPU
		{BE373927-C5AC-4C41-84BE-67D88FFF9BF2}.Release|Any CPU.ActiveCfg = Release|Any CPU
		{BE373927-C5AC-4C41-84BE-67D88FFF9BF2}.Release|Any CPU.Build.0 = Release|Any CPU
		{5A42E468-D95F-49A7-993B-8038F08E4B85}.Debug|Any CPU.ActiveCfg = Debug|Any CPU
		{5A42E468-D95F-49A7-993B-8038F08E4B85}.Debug|Any CPU.Build.0 = Debug|Any CPU
		{5A42E468-D95F-49A7-993B-8038F08E4B85}.Release|Any CPU.ActiveCfg = Release|Any CPU
		{5A42E468-D95F-49A7-993B-8038F08E4B85}.Release|Any CPU.Build.0 = Release|Any CPU
		{9839974C-129F-4670-AE0F-86F3C8A91AC4}.Debug|Any CPU.ActiveCfg = Debug|Any CPU
		{9839974C-129F-4670-AE0F-86F3C8A91AC4}.Debug|Any CPU.Build.0 = Debug|Any CPU
		{9839974C-129F-4670-AE0F-86F3C8A91AC4}.Release|Any CPU.ActiveCfg = Release|Any CPU
		{9839974C-129F-4670-AE0F-86F3C8A91AC4}.Release|Any CPU.Build.0 = Release|Any CPU
		{281B4F49-69BB-4D12-9643-DAA1C159E234}.Debug|Any CPU.ActiveCfg = Debug|Any CPU
		{281B4F49-69BB-4D12-9643-DAA1C159E234}.Debug|Any CPU.Build.0 = Debug|Any CPU
		{281B4F49-69BB-4D12-9643-DAA1C159E234}.Release|Any CPU.ActiveCfg = Release|Any CPU
		{281B4F49-69BB-4D12-9643-DAA1C159E234}.Release|Any CPU.Build.0 = Release|Any CPU
		{266FA368-5CCC-4D37-A907-90C392751B8A}.Debug|Any CPU.ActiveCfg = Debug|Any CPU
		{266FA368-5CCC-4D37-A907-90C392751B8A}.Debug|Any CPU.Build.0 = Debug|Any CPU
		{266FA368-5CCC-4D37-A907-90C392751B8A}.Release|Any CPU.ActiveCfg = Release|Any CPU
		{266FA368-5CCC-4D37-A907-90C392751B8A}.Release|Any CPU.Build.0 = Release|Any CPU
		{4BF3E970-63DF-4735-A11B-C4726CFCA402}.Debug|Any CPU.ActiveCfg = Debug|Any CPU
		{4BF3E970-63DF-4735-A11B-C4726CFCA402}.Debug|Any CPU.Build.0 = Debug|Any CPU
		{4BF3E970-63DF-4735-A11B-C4726CFCA402}.Release|Any CPU.ActiveCfg = Release|Any CPU
		{4BF3E970-63DF-4735-A11B-C4726CFCA402}.Release|Any CPU.Build.0 = Release|Any CPU
		{7FA5EC68-678E-488F-AA36-1743A33A021E}.Debug|Any CPU.ActiveCfg = Debug|Any CPU
		{7FA5EC68-678E-488F-AA36-1743A33A021E}.Debug|Any CPU.Build.0 = Debug|Any CPU
		{7FA5EC68-678E-488F-AA36-1743A33A021E}.Release|Any CPU.ActiveCfg = Release|Any CPU
		{7FA5EC68-678E-488F-AA36-1743A33A021E}.Release|Any CPU.Build.0 = Release|Any CPU
	EndGlobalSection
	GlobalSection(SolutionProperties) = preSolution
		HideSolutionNode = FALSE
	EndGlobalSection
	GlobalSection(ExtensibilityGlobals) = postSolution
		SolutionGuid = {A0889763-6933-4EEF-A591-2C538557C5FF}
	EndGlobalSection
EndGlobal
